
Microsoft Visual Studio Solution File, Format Version 12.00
# Visual Studio Version 16
VisualStudioVersion = 16.0.31402.337
MinimumVisualStudioVersion = 10.0.40219.1
Project("{FAE04EC0-301F-11D3-BF4B-00C04F79EFBC}") = "DioSeries", "DioSeries.csproj", "{0B8186AE-0FA9-4882-8121-5366AFEAF505}"
EndProject
Project("{FAE04EC0-301F-11D3-BF4B-00C04F79EFBC}") = "DioFilmes", "..\DioFilmes\DioFilmes.csproj", "{3D1F7830-1846-4080-9422-33B5D4884A86}"
EndProject
Project("{FAE04EC0-301F-11D3-BF4B-00C04F79EFBC}") = "CineFix", "..\CineFix\CineFix.csproj", "{40795DFB-1FFB-41ED-85EC-BCDCE2531DD5}"
EndProject
Global
	GlobalSection(SolutionConfigurationPlatforms) = preSolution
		Debug|Any CPU = Debug|Any CPU
		Release|Any CPU = Release|Any CPU
	EndGlobalSection
	GlobalSection(ProjectConfigurationPlatforms) = postSolution
		{0B8186AE-0FA9-4882-8121-5366AFEAF505}.Debug|Any CPU.ActiveCfg = Debug|Any CPU
		{0B8186AE-0FA9-4882-8121-5366AFEAF505}.Debug|Any CPU.Build.0 = Debug|Any CPU
		{0B8186AE-0FA9-4882-8121-5366AFEAF505}.Release|Any CPU.ActiveCfg = Release|Any CPU
		{0B8186AE-0FA9-4882-8121-5366AFEAF505}.Release|Any CPU.Build.0 = Release|Any CPU
		{3D1F7830-1846-4080-9422-33B5D4884A86}.Debug|Any CPU.ActiveCfg = Debug|Any CPU
		{3D1F7830-1846-4080-9422-33B5D4884A86}.Debug|Any CPU.Build.0 = Debug|Any CPU
		{3D1F7830-1846-4080-9422-33B5D4884A86}.Release|Any CPU.ActiveCfg = Release|Any CPU
		{3D1F7830-1846-4080-9422-33B5D4884A86}.Release|Any CPU.Build.0 = Release|Any CPU
		{40795DFB-1FFB-41ED-85EC-BCDCE2531DD5}.Debug|Any CPU.ActiveCfg = Debug|Any CPU
		{40795DFB-1FFB-41ED-85EC-BCDCE2531DD5}.Debug|Any CPU.Build.0 = Debug|Any CPU
		{40795DFB-1FFB-41ED-85EC-BCDCE2531DD5}.Release|Any CPU.ActiveCfg = Release|Any CPU
		{40795DFB-1FFB-41ED-85EC-BCDCE2531DD5}.Release|Any CPU.Build.0 = Release|Any CPU
	EndGlobalSection
	GlobalSection(SolutionProperties) = preSolution
		HideSolutionNode = FALSE
	EndGlobalSection
	GlobalSection(ExtensibilityGlobals) = postSolution
		SolutionGuid = {CDB82121-673E-448B-A930-24CABFA7D22F}
	EndGlobalSection
EndGlobal
